{
  "pins" : [
    {
      "identity" : "cwasm3",
      "kind" : "remoteSourceControl",
      "location" : "https://github.com/shareup/cwasm3.git",
      "state" : {
        "revision" : "e0f173f728633bdcac854e12868af8c16f233366",
        "version" : "0.5.3"
      }
    },
    {
      "identity" : "synchronized",
      "kind" : "remoteSourceControl",
      "location" : "https://github.com/anhlahieupro/synchronized.git",
      "state" : {
        "branch" : "test",
        "revision" : "70ba716fceea6a91606c66a70e1c1aafd4ba8c43"
      }
    }
  ],
  "version" : 2
}
